{
  "lockfileVersion": 1,
  "workspaces": {
    "": {
      "name": "newsletter-archive-demo",
      "dependencies": {
        "@remix-run/compression-middleware": "^0.1.0",
        "@remix-run/fetch-router": "^0.12.0",
        "@remix-run/file-storage": "^0.13.0",
        "@remix-run/fs": "^0.3.0",
        "@remix-run/headers": "^0.18.0",
        "@remix-run/html-template": "^0.3.0",
        "@remix-run/lazy-file": "^4.2.0",
        "@remix-run/logger-middleware": "^0.1.0",
        "@remix-run/mime": "^0.1.0",
        "@remix-run/response": "^0.2.0",
        "@remix-run/static-middleware": "^0.4.0",
        "@remix-run/tar-parser": "^0.7.0",
        "marked": "^14.0.0",
        "zod": "^4.1.13",
      },
      "devDependencies": {
        "@types/node": "^24.10.2",
        "@typescript/native-preview": "7.0.0-dev.20251209.1",
        "dotenv": "^16.4.5",
        "tsx": "^4.21.0",
      },
    },
  },
  "packages": {
    "@esbuild/aix-ppc64": ["@esbuild/aix-ppc64@0.27.1", "", { "os": "aix", "cpu": "ppc64" }, "sha512-HHB50pdsBX6k47S4u5g/CaLjqS3qwaOVE5ILsq64jyzgMhLuCuZ8rGzM9yhsAjfjkbgUPMzZEPa7DAp7yz6vuA=="],

    "@esbuild/android-arm": ["@esbuild/android-arm@0.27.1", "", { "os": "android", "cpu": "arm" }, "sha512-kFqa6/UcaTbGm/NncN9kzVOODjhZW8e+FRdSeypWe6j33gzclHtwlANs26JrupOntlcWmB0u8+8HZo8s7thHvg=="],

    "@esbuild/android-arm64": ["@esbuild/android-arm64@0.27.1", "", { "os": "android", "cpu": "arm64" }, "sha512-45fuKmAJpxnQWixOGCrS+ro4Uvb4Re9+UTieUY2f8AEc+t7d4AaZ6eUJ3Hva7dtrxAAWHtlEFsXFMAgNnGU9uQ=="],

    "@esbuild/android-x64": ["@esbuild/android-x64@0.27.1", "", { "os": "android", "cpu": "x64" }, "sha512-LBEpOz0BsgMEeHgenf5aqmn/lLNTFXVfoWMUox8CtWWYK9X4jmQzWjoGoNb8lmAYml/tQ/Ysvm8q7szu7BoxRQ=="],

    "@esbuild/darwin-arm64": ["@esbuild/darwin-arm64@0.27.1", "", { "os": "darwin", "cpu": "arm64" }, "sha512-veg7fL8eMSCVKL7IW4pxb54QERtedFDfY/ASrumK/SbFsXnRazxY4YykN/THYqFnFwJ0aVjiUrVG2PwcdAEqQQ=="],

    "@esbuild/darwin-x64": ["@esbuild/darwin-x64@0.27.1", "", { "os": "darwin", "cpu": "x64" }, "sha512-+3ELd+nTzhfWb07Vol7EZ+5PTbJ/u74nC6iv4/lwIU99Ip5uuY6QoIf0Hn4m2HoV0qcnRivN3KSqc+FyCHjoVQ=="],

    "@esbuild/freebsd-arm64": ["@esbuild/freebsd-arm64@0.27.1", "", { "os": "freebsd", "cpu": "arm64" }, "sha512-/8Rfgns4XD9XOSXlzUDepG8PX+AVWHliYlUkFI3K3GB6tqbdjYqdhcb4BKRd7C0BhZSoaCxhv8kTcBrcZWP+xg=="],

    "@esbuild/freebsd-x64": ["@esbuild/freebsd-x64@0.27.1", "", { "os": "freebsd", "cpu": "x64" }, "sha512-GITpD8dK9C+r+5yRT/UKVT36h/DQLOHdwGVwwoHidlnA168oD3uxA878XloXebK4Ul3gDBBIvEdL7go9gCUFzQ=="],

    "@esbuild/linux-arm": ["@esbuild/linux-arm@0.27.1", "", { "os": "linux", "cpu": "arm" }, "sha512-ieMID0JRZY/ZeCrsFQ3Y3NlHNCqIhTprJfDgSB3/lv5jJZ8FX3hqPyXWhe+gvS5ARMBJ242PM+VNz/ctNj//eA=="],

    "@esbuild/linux-arm64": ["@esbuild/linux-arm64@0.27.1", "", { "os": "linux", "cpu": "arm64" }, "sha512-W9//kCrh/6in9rWIBdKaMtuTTzNj6jSeG/haWBADqLLa9P8O5YSRDzgD5y9QBok4AYlzS6ARHifAb75V6G670Q=="],

    "@esbuild/linux-ia32": ["@esbuild/linux-ia32@0.27.1", "", { "os": "linux", "cpu": "ia32" }, "sha512-VIUV4z8GD8rtSVMfAj1aXFahsi/+tcoXXNYmXgzISL+KB381vbSTNdeZHHHIYqFyXcoEhu9n5cT+05tRv13rlw=="],

    "@esbuild/linux-loong64": ["@esbuild/linux-loong64@0.27.1", "", { "os": "linux", "cpu": "none" }, "sha512-l4rfiiJRN7sTNI//ff65zJ9z8U+k6zcCg0LALU5iEWzY+a1mVZ8iWC1k5EsNKThZ7XCQ6YWtsZ8EWYm7r1UEsg=="],

    "@esbuild/linux-mips64el": ["@esbuild/linux-mips64el@0.27.1", "", { "os": "linux", "cpu": "none" }, "sha512-U0bEuAOLvO/DWFdygTHWY8C067FXz+UbzKgxYhXC0fDieFa0kDIra1FAhsAARRJbvEyso8aAqvPdNxzWuStBnA=="],

    "@esbuild/linux-ppc64": ["@esbuild/linux-ppc64@0.27.1", "", { "os": "linux", "cpu": "ppc64" }, "sha512-NzdQ/Xwu6vPSf/GkdmRNsOfIeSGnh7muundsWItmBsVpMoNPVpM61qNzAVY3pZ1glzzAxLR40UyYM23eaDDbYQ=="],

    "@esbuild/linux-riscv64": ["@esbuild/linux-riscv64@0.27.1", "", { "os": "linux", "cpu": "none" }, "sha512-7zlw8p3IApcsN7mFw0O1Z1PyEk6PlKMu18roImfl3iQHTnr/yAfYv6s4hXPidbDoI2Q0pW+5xeoM4eTCC0UdrQ=="],

    "@esbuild/linux-s390x": ["@esbuild/linux-s390x@0.27.1", "", { "os": "linux", "cpu": "s390x" }, "sha512-cGj5wli+G+nkVQdZo3+7FDKC25Uh4ZVwOAK6A06Hsvgr8WqBBuOy/1s+PUEd/6Je+vjfm6stX0kmib5b/O2Ykw=="],

    "@esbuild/linux-x64": ["@esbuild/linux-x64@0.27.1", "", { "os": "linux", "cpu": "x64" }, "sha512-z3H/HYI9MM0HTv3hQZ81f+AKb+yEoCRlUby1F80vbQ5XdzEMyY/9iNlAmhqiBKw4MJXwfgsh7ERGEOhrM1niMA=="],

    "@esbuild/netbsd-arm64": ["@esbuild/netbsd-arm64@0.27.1", "", { "os": "none", "cpu": "arm64" }, "sha512-wzC24DxAvk8Em01YmVXyjl96Mr+ecTPyOuADAvjGg+fyBpGmxmcr2E5ttf7Im8D0sXZihpxzO1isus8MdjMCXQ=="],

    "@esbuild/netbsd-x64": ["@esbuild/netbsd-x64@0.27.1", "", { "os": "none", "cpu": "x64" }, "sha512-1YQ8ybGi2yIXswu6eNzJsrYIGFpnlzEWRl6iR5gMgmsrR0FcNoV1m9k9sc3PuP5rUBLshOZylc9nqSgymI+TYg=="],

    "@esbuild/openbsd-arm64": ["@esbuild/openbsd-arm64@0.27.1", "", { "os": "openbsd", "cpu": "arm64" }, "sha512-5Z+DzLCrq5wmU7RDaMDe2DVXMRm2tTDvX2KU14JJVBN2CT/qov7XVix85QoJqHltpvAOZUAc3ndU56HSMWrv8g=="],

    "@esbuild/openbsd-x64": ["@esbuild/openbsd-x64@0.27.1", "", { "os": "openbsd", "cpu": "x64" }, "sha512-Q73ENzIdPF5jap4wqLtsfh8YbYSZ8Q0wnxplOlZUOyZy7B4ZKW8DXGWgTCZmF8VWD7Tciwv5F4NsRf6vYlZtqg=="],

    "@esbuild/openharmony-arm64": ["@esbuild/openharmony-arm64@0.27.1", "", { "os": "none", "cpu": "arm64" }, "sha512-ajbHrGM/XiK+sXM0JzEbJAen+0E+JMQZ2l4RR4VFwvV9JEERx+oxtgkpoKv1SevhjavK2z2ReHk32pjzktWbGg=="],

    "@esbuild/sunos-x64": ["@esbuild/sunos-x64@0.27.1", "", { "os": "sunos", "cpu": "x64" }, "sha512-IPUW+y4VIjuDVn+OMzHc5FV4GubIwPnsz6ubkvN8cuhEqH81NovB53IUlrlBkPMEPxvNnf79MGBoz8rZ2iW8HA=="],

    "@esbuild/win32-arm64": ["@esbuild/win32-arm64@0.27.1", "", { "os": "win32", "cpu": "arm64" }, "sha512-RIVRWiljWA6CdVu8zkWcRmGP7iRRIIwvhDKem8UMBjPql2TXM5PkDVvvrzMtj1V+WFPB4K7zkIGM7VzRtFkjdg=="],

    "@esbuild/win32-ia32": ["@esbuild/win32-ia32@0.27.1", "", { "os": "win32", "cpu": "ia32" }, "sha512-2BR5M8CPbptC1AK5JbJT1fWrHLvejwZidKx3UMSF0ecHMa+smhi16drIrCEggkgviBwLYd5nwrFLSl5Kho96RQ=="],

    "@esbuild/win32-x64": ["@esbuild/win32-x64@0.27.1", "", { "os": "win32", "cpu": "x64" }, "sha512-d5X6RMYv6taIymSk8JBP+nxv8DQAMY6A51GPgusqLdK9wBz5wWIXy1KjTck6HnjE9hqJzJRdk+1p/t5soSbCtw=="],

    "@remix-run/compression-middleware": ["@remix-run/compression-middleware@0.1.0", "", { "peerDependencies": { "@remix-run/fetch-router": "^0.12.0", "@remix-run/mime": "^0.1.0", "@remix-run/response": "^0.1.0" } }, "sha512-EF2VEEsTZw4o8hB39DzaDFmUIhgvUe023qq+fdea/vOmIAgQilDAX6GKfA71m02T/mOFwv8AlIT5ancUL8jYjA=="],

    "@remix-run/fetch-router": ["@remix-run/fetch-router@0.12.0", "", { "peerDependencies": { "@remix-run/headers": "^0.17.2", "@remix-run/route-pattern": "^0.15.3", "@remix-run/session": "^0.4.0" } }, "sha512-BDG/VepZg2ZJ7wav3HDrB9ZJLpzZONHi9ItOkFMcKsrbm5g7jjrxW5Vdijbbebz12pbJQu6VKTwLVXp/LgFusA=="],

    "@remix-run/file-storage": ["@remix-run/file-storage@0.13.0", "", { "peerDependencies": { "@remix-run/fs": "^0.1.0", "@remix-run/lazy-file": "^4.0.0" } }, "sha512-mL00sQhCeF95x61roVeuTAnHYZ0R6lZnoWE1es10+Hef5wPkVGgOVTKIn5+A/5EtQVa8GHiVe7ldKfoq9izgrQ=="],

    "@remix-run/fs": ["@remix-run/fs@0.3.0", "", { "peerDependencies": { "@remix-run/lazy-file": "^4.2.0", "@remix-run/mime": "^0.1.0" } }, "sha512-gf9OF3fNArNSdk/2m7mh5JLk61ynXz4cAMKgsPDL8eo+o3Ve9j8nir/vv2x9kqmE0FyFlCxKF1+aMITJkJ6Bqg=="],

    "@remix-run/headers": ["@remix-run/headers@0.18.0", "", {}, "sha512-5V/doLOF1IBuMhV+USa/ImUzpql4SQ0VBbNKbRHvrwRK59GYGVqtcwpVzgdFb5QEa2vIedq4JdOy7FIesZUpIw=="],

    "@remix-run/html-template": ["@remix-run/html-template@0.3.0", "", {}, "sha512-aAMx68udtIk0fmCpCXHYscVeCDsRVEmEgh4XvtusPr3vkHu3jn4gx5oAxgsPXPdDmmD/d75SYyI0m/F+aLz5iQ=="],

    "@remix-run/lazy-file": ["@remix-run/lazy-file@4.2.0", "", { "peerDependencies": { "@remix-run/mime": "^0.1.0" } }, "sha512-gW93kP7j7MSgiAbALc4Cy1d0hG79mj6O5ExMyHyS7bZU7L2hiLZifGI0sKC1rjHR9DFQrNSyPig+KMLyiLk/kg=="],

    "@remix-run/logger-middleware": ["@remix-run/logger-middleware@0.1.0", "", { "peerDependencies": { "@remix-run/fetch-router": "^0.9.0" } }, "sha512-XEQoUKyBK7jcaPdnWaqNlzRtEr31hRKjGS9T6qCiL/sNp9V8fzVlv+kSBJgZ+RqvOnCRQKV217lh+XTgXQjJ2g=="],

    "@remix-run/mime": ["@remix-run/mime@0.1.0", "", {}, "sha512-SUuIhuzaFdPPF8hPJ2qneILnP3Nxc96jvuz6QAhXDeqenXsCNUdduF+6J2PILdzme0t3dVZcHARfcgYPTaOWdg=="],

    "@remix-run/response": ["@remix-run/response@0.2.0", "", { "peerDependencies": { "@remix-run/headers": "^0.18.0", "@remix-run/html-template": "^0.3.0", "@remix-run/mime": "^0.1.0" } }, "sha512-oo5LA6On7OO2uJxjjYOsvEHvc5MnBdQavZoiuT2a9HiwKRNpc8Y3D85oqHjtJJBNtgg+Ug1JN3H0RILezpAYTg=="],

    "@remix-run/route-pattern": ["@remix-run/route-pattern@0.15.3", "", {}, "sha512-7s4Oy9q6Oz9Vfwg0iZscpmYVASNG9fLqbCa+YY0+SWKksDpvCRiW46xp3S3zEvT7zEP7G55FKA+JdrqqK2AOXw=="],

    "@remix-run/session": ["@remix-run/session@0.4.1", "", {}, "sha512-Bm6aKYgutb/raHZ3laloz8g/Qu7f3CeK3o4gUVDMxtEiAdWCzJamwHoTpGOc5+g1Kuy7z85v4M6nGrF06MFDSg=="],

    "@remix-run/static-middleware": ["@remix-run/static-middleware@0.4.0", "", { "peerDependencies": { "@remix-run/fetch-router": "^0.12.0", "@remix-run/fs": "^0.2.0", "@remix-run/html-template": "^0.3.0", "@remix-run/mime": "^0.1.0", "@remix-run/response": "^0.2.0" } }, "sha512-vLhi7+CJ7OuPu4tM3DtAo0lir0eze5702mhP5zdTHdxn213tEpDcjhb+jpOpiCIYTvWE+sB4G3rUNGPiY8eeAg=="],

    "@remix-run/tar-parser": ["@remix-run/tar-parser@0.7.0", "", {}, "sha512-PW8JxEUzaGcnqxC5hBI8L9lK/Qz3oad6IGKZ+NExI3L7urVJUux+yCBrsme79DMBgS6hL+lgd/5LPFA5fSwF9A=="],

    "@types/node": ["@types/node@24.10.2", "", { "dependencies": { "undici-types": "~7.16.0" } }, "sha512-WOhQTZ4G8xZ1tjJTvKOpyEVSGgOTvJAfDK3FNFgELyaTpzhdgHVHeqW8V+UJvzF5BT+/B54T/1S2K6gd9c7bbA=="],

    "@typescript/native-preview": ["@typescript/native-preview@7.0.0-dev.20251209.1", "", { "optionalDependencies": { "@typescript/native-preview-darwin-arm64": "7.0.0-dev.20251209.1", "@typescript/native-preview-darwin-x64": "7.0.0-dev.20251209.1", "@typescript/native-preview-linux-arm": "7.0.0-dev.20251209.1", "@typescript/native-preview-linux-arm64": "7.0.0-dev.20251209.1", "@typescript/native-preview-linux-x64": "7.0.0-dev.20251209.1", "@typescript/native-preview-win32-arm64": "7.0.0-dev.20251209.1", "@typescript/native-preview-win32-x64": "7.0.0-dev.20251209.1" }, "bin": { "tsgo": "bin/tsgo.js" } }, "sha512-xnx3A1S1TTx+mx8FfP1UwkNTwPBmhGCbOh4PDNRUV5gDZkVuDDN3y1F7NPGSMg6MXE1KKPSLNM+PQMN33ZAL2Q=="],

    "@typescript/native-preview-darwin-arm64": ["@typescript/native-preview-darwin-arm64@7.0.0-dev.20251209.1", "", { "os": "darwin", "cpu": "arm64" }, "sha512-F1cnYi+ZeinYQnaTQKKIsbuoq8vip5iepBkSZXlB8PjbG62LW1edUdktd/nVEc+Q+SEysSQ3jRdk9eU766s5iw=="],

    "@typescript/native-preview-darwin-x64": ["@typescript/native-preview-darwin-x64@7.0.0-dev.20251209.1", "", { "os": "darwin", "cpu": "x64" }, "sha512-Ta6XKdAxEMBzd1xS4eQKXmlUkml+kMf23A9qFoegOxmyCdHJPak2gLH9ON5/C6js0ibZm1kdqwbcA0/INrcThg=="],

    "@typescript/native-preview-linux-arm": ["@typescript/native-preview-linux-arm@7.0.0-dev.20251209.1", "", { "os": "linux", "cpu": "arm" }, "sha512-4e7WSBLLdmfJUGzm9Id4WA2fDZ2sY3Q6iudyZPNSb5AFsCmqQksM/JGAlNROHpi/tIqo95e3ckbjmrZTmH60EA=="],

    "@typescript/native-preview-linux-arm64": ["@typescript/native-preview-linux-arm64@7.0.0-dev.20251209.1", "", { "os": "linux", "cpu": "arm64" }, "sha512-kdiPMvs1hwi76hgvZjz4XQVNYTV+MAbJKnHXz6eL6aVXoTYzNtan5vWywKOHv9rV4jBMyVlZqtKbeG/XVV9WdQ=="],

    "@typescript/native-preview-linux-x64": ["@typescript/native-preview-linux-x64@7.0.0-dev.20251209.1", "", { "os": "linux", "cpu": "x64" }, "sha512-dH/Z50Xb52N4Csd0BXptmjuMN+87AhUAjM9Y5rNU8VwcUJJDFpKM6aKUhd4Q+XEVJWPFPlKDLx3pVhnO31CBhQ=="],

    "@typescript/native-preview-win32-arm64": ["@typescript/native-preview-win32-arm64@7.0.0-dev.20251209.1", "", { "os": "win32", "cpu": "arm64" }, "sha512-vW7IGRNIUhhQ0vzFY3sRNxvYavNGum2OWgW1Bwc05yhg9AexBlRjdhsUSTLQ2dUeaDm2nx4i38LhXIVgLzMNeA=="],

    "@typescript/native-preview-win32-x64": ["@typescript/native-preview-win32-x64@7.0.0-dev.20251209.1", "", { "os": "win32", "cpu": "x64" }, "sha512-jKT6npBrhRX/84LWSy9PbOWx2USTZhq9SOkvH2mcnU/+uqyNxZIMMVnW5exIyzcnWSPly3jK2qpfiHNjdrDaAA=="],

    "dotenv": ["dotenv@16.6.1", "", {}, "sha512-uBq4egWHTcTt33a72vpSG0z3HnPuIl6NqYcTrKEg2azoEyl2hpW0zqlxysq2pK9HlDIHyHyakeYaYnSAwd8bow=="],

    "esbuild": ["esbuild@0.27.1", "", { "optionalDependencies": { "@esbuild/aix-ppc64": "0.27.1", "@esbuild/android-arm": "0.27.1", "@esbuild/android-arm64": "0.27.1", "@esbuild/android-x64": "0.27.1", "@esbuild/darwin-arm64": "0.27.1", "@esbuild/darwin-x64": "0.27.1", "@esbuild/freebsd-arm64": "0.27.1", "@esbuild/freebsd-x64": "0.27.1", "@esbuild/linux-arm": "0.27.1", "@esbuild/linux-arm64": "0.27.1", "@esbuild/linux-ia32": "0.27.1", "@esbuild/linux-loong64": "0.27.1", "@esbuild/linux-mips64el": "0.27.1", "@esbuild/linux-ppc64": "0.27.1", "@esbuild/linux-riscv64": "0.27.1", "@esbuild/linux-s390x": "0.27.1", "@esbuild/linux-x64": "0.27.1", "@esbuild/netbsd-arm64": "0.27.1", "@esbuild/netbsd-x64": "0.27.1", "@esbuild/openbsd-arm64": "0.27.1", "@esbuild/openbsd-x64": "0.27.1", "@esbuild/openharmony-arm64": "0.27.1", "@esbuild/sunos-x64": "0.27.1", "@esbuild/win32-arm64": "0.27.1", "@esbuild/win32-ia32": "0.27.1", "@esbuild/win32-x64": "0.27.1" }, "bin": { "esbuild": "bin/esbuild" } }, "sha512-yY35KZckJJuVVPXpvjgxiCuVEJT67F6zDeVTv4rizyPrfGBUpZQsvmxnN+C371c2esD/hNMjj4tpBhuueLN7aA=="],

    "fsevents": ["fsevents@2.3.3", "", { "os": "darwin" }, "sha512-5xoDfX+fL7faATnagmWPpbFtwh/R77WmMMqqHGS65C3vvB0YHrgF+B1YmZ3441tMj5n63k0212XNoJwzlhffQw=="],

    "get-tsconfig": ["get-tsconfig@4.13.0", "", { "dependencies": { "resolve-pkg-maps": "^1.0.0" } }, "sha512-1VKTZJCwBrvbd+Wn3AOgQP/2Av+TfTCOlE4AcRJE72W1ksZXbAx8PPBR9RzgTeSPzlPMHrbANMH3LbltH73wxQ=="],

    "marked": ["marked@14.1.4", "", { "bin": { "marked": "bin/marked.js" } }, "sha512-vkVZ8ONmUdPnjCKc5uTRvmkRbx4EAi2OkTOXmfTDhZz3OFqMNBM1oTTWwTr4HY4uAEojhzPf+Fy8F1DWa3Sndg=="],

    "resolve-pkg-maps": ["resolve-pkg-maps@1.0.0", "", {}, "sha512-seS2Tj26TBVOC2NIc2rOe2y2ZO7efxITtLZcGSOnHHNOQ7CkiUBfw0Iw2ck6xkIhPwLhKNLS8BO+hEpngQlqzw=="],

    "tsx": ["tsx@4.21.0", "", { "dependencies": { "esbuild": "~0.27.0", "get-tsconfig": "^4.7.5" }, "optionalDependencies": { "fsevents": "~2.3.3" }, "bin": { "tsx": "dist/cli.mjs" } }, "sha512-5C1sg4USs1lfG0GFb2RLXsdpXqBSEhAaA/0kPL01wxzpMqLILNxIxIOKiILz+cdg/pLnOUxFYOR5yhHU666wbw=="],

    "undici-types": ["undici-types@7.16.0", "", {}, "sha512-Zz+aZWSj8LE6zoxD+xrjh4VfkIG8Ya6LvYkZqtUQGJPZjYl53ypCaUwWqo7eI0x66KBGeRo+mlBEkMSeSZ38Nw=="],

    "zod": ["zod@4.1.13", "", {}, "sha512-AvvthqfqrAhNH9dnfmrfKzX5upOdjUVJYFqNSlkmGf64gRaTzlPwz99IHYnVs28qYAybvAlBV+H7pn0saFY4Ig=="],
  }
}
