lockfileVersion: '9.0'

settings:
  autoInstallPeers: true
  excludeLinksFromLockfile: false

importers:

  .:
    dependencies:
      '@remix-run/compression-middleware':
        specifier: ^0.1.0
        version: 0.1.0(@remix-run/fetch-router@0.12.0(@remix-run/headers@0.18.0)(@remix-run/route-pattern@0.15.3)(@remix-run/session@0.4.1))(@remix-run/mime@0.1.0)(@remix-run/response@0.2.0(@remix-run/headers@0.18.0)(@remix-run/html-template@0.3.0)(@remix-run/mime@0.1.0))
      '@remix-run/fetch-router':
        specifier: ^0.12.0
        version: 0.12.0(@remix-run/headers@0.18.0)(@remix-run/route-pattern@0.15.3)(@remix-run/session@0.4.1)
      '@remix-run/file-storage':
        specifier: ^0.13.0
        version: 0.13.0(@remix-run/fs@0.3.0(@remix-run/lazy-file@4.2.0(@remix-run/mime@0.1.0))(@remix-run/mime@0.1.0))(@remix-run/lazy-file@4.2.0(@remix-run/mime@0.1.0))
      '@remix-run/fs':
        specifier: ^0.3.0
        version: 0.3.0(@remix-run/lazy-file@4.2.0(@remix-run/mime@0.1.0))(@remix-run/mime@0.1.0)
      '@remix-run/headers':
        specifier: ^0.18.0
        version: 0.18.0
      '@remix-run/html-template':
        specifier: ^0.3.0
        version: 0.3.0
      '@remix-run/lazy-file':
        specifier: ^4.2.0
        version: 4.2.0(@remix-run/mime@0.1.0)
      '@remix-run/logger-middleware':
        specifier: ^0.1.0
        version: 0.1.0(@remix-run/fetch-router@0.12.0(@remix-run/headers@0.18.0)(@remix-run/route-pattern@0.15.3)(@remix-run/session@0.4.1))
      '@remix-run/mime':
        specifier: ^0.1.0
        version: 0.1.0
      '@remix-run/node-fetch-server':
        specifier: ^0.12.0
        version: 0.12.0
      '@remix-run/response':
        specifier: ^0.2.0
        version: 0.2.0(@remix-run/headers@0.18.0)(@remix-run/html-template@0.3.0)(@remix-run/mime@0.1.0)
      '@remix-run/static-middleware':
        specifier: ^0.4.0
        version: 0.4.0(@remix-run/fetch-router@0.12.0(@remix-run/headers@0.18.0)(@remix-run/route-pattern@0.15.3)(@remix-run/session@0.4.1))(@remix-run/fs@0.3.0(@remix-run/lazy-file@4.2.0(@remix-run/mime@0.1.0))(@remix-run/mime@0.1.0))(@remix-run/html-template@0.3.0)(@remix-run/mime@0.1.0)(@remix-run/response@0.2.0(@remix-run/headers@0.18.0)(@remix-run/html-template@0.3.0)(@remix-run/mime@0.1.0))
      '@remix-run/tar-parser':
        specifier: ^0.7.0
        version: 0.7.0
      marked:
        specifier: ^14.0.0
        version: 14.1.4
    devDependencies:
      '@types/node':
        specifier: ^24.10.2
        version: 24.10.2
      '@typescript/native-preview':
        specifier: 7.0.0-dev.20251209.1
        version: 7.0.0-dev.20251209.1
      dotenv:
        specifier: ^16.4.5
        version: 16.6.1
      oxlint:
        specifier: ^0.15.0
        version: 0.15.15

packages:

  '@oxlint/darwin-arm64@0.15.15':
    resolution: {integrity: sha512-7GOyGM6D36lUhsOvavAVpF72SycPVG0Enunx0bzv8g0+9TklzOSFN3FJlZjLst14VPdZWujZMLgkQC7tOp+Rwg==}
    cpu: [arm64]
    os: [darwin]

  '@oxlint/darwin-x64@0.15.15':
    resolution: {integrity: sha512-pbrnYFwMn/fuX0z3IeQ05Nvo/b1zGxjmmWgkrQSDwYHxBxP6NT41hk1pmqkcA+v53xk9wvOa/6vBBI/U30F8Ow==}
    cpu: [x64]
    os: [darwin]

  '@oxlint/linux-arm64-gnu@0.15.15':
    resolution: {integrity: sha512-QWjG3YVsDlIvDTBUPmtPiyqP34ZQpFJqQh2JO94pBih11lFxQ0IGVMEXDhmW3WdiSFPZSJsZGzWynalM9eg+RA==}
    cpu: [arm64]
    os: [linux]

  '@oxlint/linux-arm64-musl@0.15.15':
    resolution: {integrity: sha512-4W0YsmMSbNzzExOWhk+6zNfmJEmKFqSjFIn8CKLtYFvH8kF6KjoW4/0HNsDNYW5Fz+KOut/2JgkvxAiKH+r0zA==}
    cpu: [arm64]
    os: [linux]

  '@oxlint/linux-x64-gnu@0.15.15':
    resolution: {integrity: sha512-agP3e+eQ6tE5tqN6VI4Uukx2yvjwYFjtrDMcB19J7PmGOaFRwuMuT0sNWK/9guvhuS9aCINNZTi3kEhMy9Qgng==}
    cpu: [x64]
    os: [linux]

  '@oxlint/linux-x64-musl@0.15.15':
    resolution: {integrity: sha512-L2qE9NhhUafsJOO4pofLx/0hW5IB0sfJa6bS85q0j+ySaI0f3CxMaAadrZLFSuqHWB3oF18B5yvzaPWsc2ohbQ==}
    cpu: [x64]
    os: [linux]

  '@oxlint/win32-arm64@0.15.15':
    resolution: {integrity: sha512-B7f4VAS/E78n8zy6XZlNeyYOtWTel4BJn/22Ap2yEAlNzO34ot8dGfpLk6MqTUWJrRnARwVBVmc3wRVrsOT5yg==}
    cpu: [arm64]
    os: [win32]

  '@oxlint/win32-x64@0.15.15':
    resolution: {integrity: sha512-ZM9T3/OpaQ3qvrk/VuHO2EQmhNH4cOZdr/b/Ju9VKwBr+ahhqMn3W5srrplWQWxfsb0yd1yBj7iD0jdAps2iLg==}
    cpu: [x64]
    os: [win32]

  '@remix-run/compression-middleware@0.1.0':
    resolution: {integrity: sha512-EF2VEEsTZw4o8hB39DzaDFmUIhgvUe023qq+fdea/vOmIAgQilDAX6GKfA71m02T/mOFwv8AlIT5ancUL8jYjA==}
    peerDependencies:
      '@remix-run/fetch-router': ^0.12.0
      '@remix-run/mime': ^0.1.0
      '@remix-run/response': ^0.1.0

  '@remix-run/fetch-router@0.12.0':
    resolution: {integrity: sha512-BDG/VepZg2ZJ7wav3HDrB9ZJLpzZONHi9ItOkFMcKsrbm5g7jjrxW5Vdijbbebz12pbJQu6VKTwLVXp/LgFusA==}
    peerDependencies:
      '@remix-run/headers': ^0.17.2
      '@remix-run/route-pattern': ^0.15.3
      '@remix-run/session': ^0.4.0

  '@remix-run/file-storage@0.13.0':
    resolution: {integrity: sha512-mL00sQhCeF95x61roVeuTAnHYZ0R6lZnoWE1es10+Hef5wPkVGgOVTKIn5+A/5EtQVa8GHiVe7ldKfoq9izgrQ==}
    peerDependencies:
      '@remix-run/fs': ^0.1.0
      '@remix-run/lazy-file': ^4.0.0

  '@remix-run/fs@0.3.0':
    resolution: {integrity: sha512-gf9OF3fNArNSdk/2m7mh5JLk61ynXz4cAMKgsPDL8eo+o3Ve9j8nir/vv2x9kqmE0FyFlCxKF1+aMITJkJ6Bqg==}
    peerDependencies:
      '@remix-run/lazy-file': ^4.2.0
      '@remix-run/mime': ^0.1.0

  '@remix-run/headers@0.18.0':
    resolution: {integrity: sha512-5V/doLOF1IBuMhV+USa/ImUzpql4SQ0VBbNKbRHvrwRK59GYGVqtcwpVzgdFb5QEa2vIedq4JdOy7FIesZUpIw==}

  '@remix-run/html-template@0.3.0':
    resolution: {integrity: sha512-aAMx68udtIk0fmCpCXHYscVeCDsRVEmEgh4XvtusPr3vkHu3jn4gx5oAxgsPXPdDmmD/d75SYyI0m/F+aLz5iQ==}

  '@remix-run/lazy-file@4.2.0':
    resolution: {integrity: sha512-gW93kP7j7MSgiAbALc4Cy1d0hG79mj6O5ExMyHyS7bZU7L2hiLZifGI0sKC1rjHR9DFQrNSyPig+KMLyiLk/kg==}
    peerDependencies:
      '@remix-run/mime': ^0.1.0

  '@remix-run/logger-middleware@0.1.0':
    resolution: {integrity: sha512-XEQoUKyBK7jcaPdnWaqNlzRtEr31hRKjGS9T6qCiL/sNp9V8fzVlv+kSBJgZ+RqvOnCRQKV217lh+XTgXQjJ2g==}
    peerDependencies:
      '@remix-run/fetch-router': ^0.9.0

  '@remix-run/mime@0.1.0':
    resolution: {integrity: sha512-SUuIhuzaFdPPF8hPJ2qneILnP3Nxc96jvuz6QAhXDeqenXsCNUdduF+6J2PILdzme0t3dVZcHARfcgYPTaOWdg==}

  '@remix-run/node-fetch-server@0.12.0':
    resolution: {integrity: sha512-oeg8w8aJJSuq1fCx85jCkcgTfI6On7sKwWVSO4/OW5AvTBuosAIwnuBd/LYeU/I7lYPOTW2NXhUfyfpyeexs4w==}

  '@remix-run/response@0.2.0':
    resolution: {integrity: sha512-oo5LA6On7OO2uJxjjYOsvEHvc5MnBdQavZoiuT2a9HiwKRNpc8Y3D85oqHjtJJBNtgg+Ug1JN3H0RILezpAYTg==}
    peerDependencies:
      '@remix-run/headers': ^0.18.0
      '@remix-run/html-template': ^0.3.0
      '@remix-run/mime': ^0.1.0

  '@remix-run/route-pattern@0.15.3':
    resolution: {integrity: sha512-7s4Oy9q6Oz9Vfwg0iZscpmYVASNG9fLqbCa+YY0+SWKksDpvCRiW46xp3S3zEvT7zEP7G55FKA+JdrqqK2AOXw==}

  '@remix-run/session@0.4.1':
    resolution: {integrity: sha512-Bm6aKYgutb/raHZ3laloz8g/Qu7f3CeK3o4gUVDMxtEiAdWCzJamwHoTpGOc5+g1Kuy7z85v4M6nGrF06MFDSg==}

  '@remix-run/static-middleware@0.4.0':
    resolution: {integrity: sha512-vLhi7+CJ7OuPu4tM3DtAo0lir0eze5702mhP5zdTHdxn213tEpDcjhb+jpOpiCIYTvWE+sB4G3rUNGPiY8eeAg==}
    peerDependencies:
      '@remix-run/fetch-router': ^0.12.0
      '@remix-run/fs': ^0.2.0
      '@remix-run/html-template': ^0.3.0
      '@remix-run/mime': ^0.1.0
      '@remix-run/response': ^0.2.0

  '@remix-run/tar-parser@0.7.0':
    resolution: {integrity: sha512-PW8JxEUzaGcnqxC5hBI8L9lK/Qz3oad6IGKZ+NExI3L7urVJUux+yCBrsme79DMBgS6hL+lgd/5LPFA5fSwF9A==}

  '@types/node@24.10.2':
    resolution: {integrity: sha512-WOhQTZ4G8xZ1tjJTvKOpyEVSGgOTvJAfDK3FNFgELyaTpzhdgHVHeqW8V+UJvzF5BT+/B54T/1S2K6gd9c7bbA==}

  '@typescript/native-preview-darwin-arm64@7.0.0-dev.20251209.1':
    resolution: {integrity: sha512-F1cnYi+ZeinYQnaTQKKIsbuoq8vip5iepBkSZXlB8PjbG62LW1edUdktd/nVEc+Q+SEysSQ3jRdk9eU766s5iw==}
    cpu: [arm64]
    os: [darwin]

  '@typescript/native-preview-darwin-x64@7.0.0-dev.20251209.1':
    resolution: {integrity: sha512-Ta6XKdAxEMBzd1xS4eQKXmlUkml+kMf23A9qFoegOxmyCdHJPak2gLH9ON5/C6js0ibZm1kdqwbcA0/INrcThg==}
    cpu: [x64]
    os: [darwin]

  '@typescript/native-preview-linux-arm64@7.0.0-dev.20251209.1':
    resolution: {integrity: sha512-kdiPMvs1hwi76hgvZjz4XQVNYTV+MAbJKnHXz6eL6aVXoTYzNtan5vWywKOHv9rV4jBMyVlZqtKbeG/XVV9WdQ==}
    cpu: [arm64]
    os: [linux]

  '@typescript/native-preview-linux-arm@7.0.0-dev.20251209.1':
    resolution: {integrity: sha512-4e7WSBLLdmfJUGzm9Id4WA2fDZ2sY3Q6iudyZPNSb5AFsCmqQksM/JGAlNROHpi/tIqo95e3ckbjmrZTmH60EA==}
    cpu: [arm]
    os: [linux]

  '@typescript/native-preview-linux-x64@7.0.0-dev.20251209.1':
    resolution: {integrity: sha512-dH/Z50Xb52N4Csd0BXptmjuMN+87AhUAjM9Y5rNU8VwcUJJDFpKM6aKUhd4Q+XEVJWPFPlKDLx3pVhnO31CBhQ==}
    cpu: [x64]
    os: [linux]

  '@typescript/native-preview-win32-arm64@7.0.0-dev.20251209.1':
    resolution: {integrity: sha512-vW7IGRNIUhhQ0vzFY3sRNxvYavNGum2OWgW1Bwc05yhg9AexBlRjdhsUSTLQ2dUeaDm2nx4i38LhXIVgLzMNeA==}
    cpu: [arm64]
    os: [win32]

  '@typescript/native-preview-win32-x64@7.0.0-dev.20251209.1':
    resolution: {integrity: sha512-jKT6npBrhRX/84LWSy9PbOWx2USTZhq9SOkvH2mcnU/+uqyNxZIMMVnW5exIyzcnWSPly3jK2qpfiHNjdrDaAA==}
    cpu: [x64]
    os: [win32]

  '@typescript/native-preview@7.0.0-dev.20251209.1':
    resolution: {integrity: sha512-xnx3A1S1TTx+mx8FfP1UwkNTwPBmhGCbOh4PDNRUV5gDZkVuDDN3y1F7NPGSMg6MXE1KKPSLNM+PQMN33ZAL2Q==}
    hasBin: true

  dotenv@16.6.1:
    resolution: {integrity: sha512-uBq4egWHTcTt33a72vpSG0z3HnPuIl6NqYcTrKEg2azoEyl2hpW0zqlxysq2pK9HlDIHyHyakeYaYnSAwd8bow==}
    engines: {node: '>=12'}

  marked@14.1.4:
    resolution: {integrity: sha512-vkVZ8ONmUdPnjCKc5uTRvmkRbx4EAi2OkTOXmfTDhZz3OFqMNBM1oTTWwTr4HY4uAEojhzPf+Fy8F1DWa3Sndg==}
    engines: {node: '>= 18'}
    hasBin: true

  oxlint@0.15.15:
    resolution: {integrity: sha512-oQNc1mAHrrbKiXyKJMGs9VCZfwGfLy7YiQKa4qupi71X/u4xyWqOh36YKXqWOXnmm2y7vfWFpGZlhJPAa9tMqA==}
    engines: {node: '>=8.*'}
    hasBin: true

  undici-types@7.16.0:
    resolution: {integrity: sha512-Zz+aZWSj8LE6zoxD+xrjh4VfkIG8Ya6LvYkZqtUQGJPZjYl53ypCaUwWqo7eI0x66KBGeRo+mlBEkMSeSZ38Nw==}

snapshots:

  '@oxlint/darwin-arm64@0.15.15':
    optional: true

  '@oxlint/darwin-x64@0.15.15':
    optional: true

  '@oxlint/linux-arm64-gnu@0.15.15':
    optional: true

  '@oxlint/linux-arm64-musl@0.15.15':
    optional: true

  '@oxlint/linux-x64-gnu@0.15.15':
    optional: true

  '@oxlint/linux-x64-musl@0.15.15':
    optional: true

  '@oxlint/win32-arm64@0.15.15':
    optional: true

  '@oxlint/win32-x64@0.15.15':
    optional: true

  '@remix-run/compression-middleware@0.1.0(@remix-run/fetch-router@0.12.0(@remix-run/headers@0.18.0)(@remix-run/route-pattern@0.15.3)(@remix-run/session@0.4.1))(@remix-run/mime@0.1.0)(@remix-run/response@0.2.0(@remix-run/headers@0.18.0)(@remix-run/html-template@0.3.0)(@remix-run/mime@0.1.0))':
    dependencies:
      '@remix-run/fetch-router': 0.12.0(@remix-run/headers@0.18.0)(@remix-run/route-pattern@0.15.3)(@remix-run/session@0.4.1)
      '@remix-run/mime': 0.1.0
      '@remix-run/response': 0.2.0(@remix-run/headers@0.18.0)(@remix-run/html-template@0.3.0)(@remix-run/mime@0.1.0)

  '@remix-run/fetch-router@0.12.0(@remix-run/headers@0.18.0)(@remix-run/route-pattern@0.15.3)(@remix-run/session@0.4.1)':
    dependencies:
      '@remix-run/headers': 0.18.0
      '@remix-run/route-pattern': 0.15.3
      '@remix-run/session': 0.4.1

  '@remix-run/file-storage@0.13.0(@remix-run/fs@0.3.0(@remix-run/lazy-file@4.2.0(@remix-run/mime@0.1.0))(@remix-run/mime@0.1.0))(@remix-run/lazy-file@4.2.0(@remix-run/mime@0.1.0))':
    dependencies:
      '@remix-run/fs': 0.3.0(@remix-run/lazy-file@4.2.0(@remix-run/mime@0.1.0))(@remix-run/mime@0.1.0)
      '@remix-run/lazy-file': 4.2.0(@remix-run/mime@0.1.0)

  '@remix-run/fs@0.3.0(@remix-run/lazy-file@4.2.0(@remix-run/mime@0.1.0))(@remix-run/mime@0.1.0)':
    dependencies:
      '@remix-run/lazy-file': 4.2.0(@remix-run/mime@0.1.0)
      '@remix-run/mime': 0.1.0

  '@remix-run/headers@0.18.0': {}

  '@remix-run/html-template@0.3.0': {}

  '@remix-run/lazy-file@4.2.0(@remix-run/mime@0.1.0)':
    dependencies:
      '@remix-run/mime': 0.1.0

  '@remix-run/logger-middleware@0.1.0(@remix-run/fetch-router@0.12.0(@remix-run/headers@0.18.0)(@remix-run/route-pattern@0.15.3)(@remix-run/session@0.4.1))':
    dependencies:
      '@remix-run/fetch-router': 0.12.0(@remix-run/headers@0.18.0)(@remix-run/route-pattern@0.15.3)(@remix-run/session@0.4.1)

  '@remix-run/mime@0.1.0': {}

  '@remix-run/node-fetch-server@0.12.0': {}

  '@remix-run/response@0.2.0(@remix-run/headers@0.18.0)(@remix-run/html-template@0.3.0)(@remix-run/mime@0.1.0)':
    dependencies:
      '@remix-run/headers': 0.18.0
      '@remix-run/html-template': 0.3.0
      '@remix-run/mime': 0.1.0

  '@remix-run/route-pattern@0.15.3': {}

  '@remix-run/session@0.4.1': {}

  '@remix-run/static-middleware@0.4.0(@remix-run/fetch-router@0.12.0(@remix-run/headers@0.18.0)(@remix-run/route-pattern@0.15.3)(@remix-run/session@0.4.1))(@remix-run/fs@0.3.0(@remix-run/lazy-file@4.2.0(@remix-run/mime@0.1.0))(@remix-run/mime@0.1.0))(@remix-run/html-template@0.3.0)(@remix-run/mime@0.1.0)(@remix-run/response@0.2.0(@remix-run/headers@0.18.0)(@remix-run/html-template@0.3.0)(@remix-run/mime@0.1.0))':
    dependencies:
      '@remix-run/fetch-router': 0.12.0(@remix-run/headers@0.18.0)(@remix-run/route-pattern@0.15.3)(@remix-run/session@0.4.1)
      '@remix-run/fs': 0.3.0(@remix-run/lazy-file@4.2.0(@remix-run/mime@0.1.0))(@remix-run/mime@0.1.0)
      '@remix-run/html-template': 0.3.0
      '@remix-run/mime': 0.1.0
      '@remix-run/response': 0.2.0(@remix-run/headers@0.18.0)(@remix-run/html-template@0.3.0)(@remix-run/mime@0.1.0)

  '@remix-run/tar-parser@0.7.0': {}

  '@types/node@24.10.2':
    dependencies:
      undici-types: 7.16.0

  '@typescript/native-preview-darwin-arm64@7.0.0-dev.20251209.1':
    optional: true

  '@typescript/native-preview-darwin-x64@7.0.0-dev.20251209.1':
    optional: true

  '@typescript/native-preview-linux-arm64@7.0.0-dev.20251209.1':
    optional: true

  '@typescript/native-preview-linux-arm@7.0.0-dev.20251209.1':
    optional: true

  '@typescript/native-preview-linux-x64@7.0.0-dev.20251209.1':
    optional: true

  '@typescript/native-preview-win32-arm64@7.0.0-dev.20251209.1':
    optional: true

  '@typescript/native-preview-win32-x64@7.0.0-dev.20251209.1':
    optional: true

  '@typescript/native-preview@7.0.0-dev.20251209.1':
    optionalDependencies:
      '@typescript/native-preview-darwin-arm64': 7.0.0-dev.20251209.1
      '@typescript/native-preview-darwin-x64': 7.0.0-dev.20251209.1
      '@typescript/native-preview-linux-arm': 7.0.0-dev.20251209.1
      '@typescript/native-preview-linux-arm64': 7.0.0-dev.20251209.1
      '@typescript/native-preview-linux-x64': 7.0.0-dev.20251209.1
      '@typescript/native-preview-win32-arm64': 7.0.0-dev.20251209.1
      '@typescript/native-preview-win32-x64': 7.0.0-dev.20251209.1

  dotenv@16.6.1: {}

  marked@14.1.4: {}

  oxlint@0.15.15:
    optionalDependencies:
      '@oxlint/darwin-arm64': 0.15.15
      '@oxlint/darwin-x64': 0.15.15
      '@oxlint/linux-arm64-gnu': 0.15.15
      '@oxlint/linux-arm64-musl': 0.15.15
      '@oxlint/linux-x64-gnu': 0.15.15
      '@oxlint/linux-x64-musl': 0.15.15
      '@oxlint/win32-arm64': 0.15.15
      '@oxlint/win32-x64': 0.15.15

  undici-types@7.16.0: {}
